// !$*UTF8*$!
{
	archiveVersion = 1;
	classes = {
	};
	objectVersion = 46;
	objects = {

/* Begin PBXBuildFile section */
		04301D4C19E57B1E00240A80 /* VideoDecodeAcceleration.framework in Frameworks */ = {isa = PBXBuildFile; fileRef = 04301D4B19E57B1E00240A80 /* VideoDecodeAcceleration.framework */; };
		22D9AD1C19E5813900590AA6 /* Syphon.framework in Frameworks */ = {isa = PBXBuildFile; fileRef = 22D9AD0A19E5813800590AA6 /* Syphon.framework */; };
		22D9AD1D19E5813900590AA6 /* SyphonNameboundClient.m in Sources */ = {isa = PBXBuildFile; fileRef = 22D9AD0D19E5813800590AA6 /* SyphonNameboundClient.m */; };
		22D9AD1E19E5813900590AA6 /* README.md in Sources */ = {isa = PBXBuildFile; fileRef = 22D9AD0F19E5813900590AA6 /* README.md */; };
		22D9AD1F19E5813900590AA6 /* ofxSyphonClient.mm in Sources */ = {isa = PBXBuildFile; fileRef = 22D9AD1319E5813900590AA6 /* ofxSyphonClient.mm */; };
		22D9AD2019E5813900590AA6 /* ofxSyphonServer.mm in Sources */ = {isa = PBXBuildFile; fileRef = 22D9AD1519E5813900590AA6 /* ofxSyphonServer.mm */; };
		22D9AD2119E5813900590AA6 /* ofxSyphonServerDirectory.mm in Sources */ = {isa = PBXBuildFile; fileRef = 22D9AD1719E5813900590AA6 /* ofxSyphonServerDirectory.mm */; };
		22D9ADAD19E5814100590AA6 /* libavcodec.a in Frameworks */ = {isa = PBXBuildFile; fileRef = 22D9AD8519E5814100590AA6 /* libavcodec.a */; };
		22D9ADAE19E5814100590AA6 /* libavdevice.a in Frameworks */ = {isa = PBXBuildFile; fileRef = 22D9AD8619E5814100590AA6 /* libavdevice.a */; };
		22D9ADAF19E5814100590AA6 /* libavfilter.a in Frameworks */ = {isa = PBXBuildFile; fileRef = 22D9AD8719E5814100590AA6 /* libavfilter.a */; };
		22D9ADB019E5814100590AA6 /* libavformat.a in Frameworks */ = {isa = PBXBuildFile; fileRef = 22D9AD8819E5814100590AA6 /* libavformat.a */; };
		22D9ADB119E5814100590AA6 /* libavutil.a in Frameworks */ = {isa = PBXBuildFile; fileRef = 22D9AD8919E5814100590AA6 /* libavutil.a */; };
		22D9ADB219E5814100590AA6 /* libbz2.a in Frameworks */ = {isa = PBXBuildFile; fileRef = 22D9AD8A19E5814100590AA6 /* libbz2.a */; };
		22D9ADB319E5814100590AA6 /* libiconv.2.dylib in Frameworks */ = {isa = PBXBuildFile; fileRef = 22D9AD8B19E5814100590AA6 /* libiconv.2.dylib */; };
		22D9ADB419E5814100590AA6 /* libpostproc.a in Frameworks */ = {isa = PBXBuildFile; fileRef = 22D9AD8C19E5814100590AA6 /* libpostproc.a */; };
		22D9ADB519E5814100590AA6 /* libswresample.a in Frameworks */ = {isa = PBXBuildFile; fileRef = 22D9AD8D19E5814100590AA6 /* libswresample.a */; };
		22D9ADB619E5814100590AA6 /* libswscale.a in Frameworks */ = {isa = PBXBuildFile; fileRef = 22D9AD8E19E5814100590AA6 /* libswscale.a */; };
		22D9ADB719E5814100590AA6 /* libx264.a in Frameworks */ = {isa = PBXBuildFile; fileRef = 22D9AD8F19E5814100590AA6 /* libx264.a */; };
		22D9ADB819E5814100590AA6 /* README.md in Sources */ = {isa = PBXBuildFile; fileRef = 22D9AD9019E5814100590AA6 /* README.md */; };
		22D9ADBD19E5814100590AA6 /* ofxStreamerReceiver.cpp in Sources */ = {isa = PBXBuildFile; fileRef = 22D9ADA919E5814100590AA6 /* ofxStreamerReceiver.cpp */; };
		22D9ADBE19E5814100590AA6 /* ofxStreamerSender.cpp in Sources */ = {isa = PBXBuildFile; fileRef = 22D9ADAB19E5814100590AA6 /* ofxStreamerSender.cpp */; };
		22D9ADC519E5817700590AA6 /* Syphon.framework in Frameworks */ = {isa = PBXBuildFile; fileRef = 22D9AD0A19E5813800590AA6 /* Syphon.framework */; };
		22D9ADC619E5817700590AA6 /* Syphon.framework in CopyFiles */ = {isa = PBXBuildFile; fileRef = 22D9AD0A19E5813800590AA6 /* Syphon.framework */; settings = {ATTRIBUTES = (CodeSignOnCopy, RemoveHeadersOnCopy, ); }; };
		6474CBF619BCE019003C94E2 /* AVFoundation.framework in Frameworks */ = {isa = PBXBuildFile; fileRef = 6474CBF019BCE00B003C94E2 /* AVFoundation.framework */; };
		6474CBF719BCE019003C94E2 /* CoreMedia.framework in Frameworks */ = {isa = PBXBuildFile; fileRef = 6474CBF119BCE00B003C94E2 /* CoreMedia.framework */; };
		6474CBF819BCE019003C94E2 /* QuartzCore.framework in Frameworks */ = {isa = PBXBuildFile; fileRef = 6474CBF219BCE00B003C94E2 /* QuartzCore.framework */; };
		BBAB23CB13894F3D00AA2426 /* GLUT.framework in CopyFiles */ = {isa = PBXBuildFile; fileRef = BBAB23BE13894E4700AA2426 /* GLUT.framework */; };
		E4328149138ABC9F0047C5CB /* openFrameworksDebug.a in Frameworks */ = {isa = PBXBuildFile; fileRef = E4328148138ABC890047C5CB /* openFrameworksDebug.a */; };
		E45BE97B0E8CC7DD009D7055 /* AGL.framework in Frameworks */ = {isa = PBXBuildFile; fileRef = E45BE9710E8CC7DD009D7055 /* AGL.framework */; };
		E45BE97C0E8CC7DD009D7055 /* ApplicationServices.framework in Frameworks */ = {isa = PBXBuildFile; fileRef = E45BE9720E8CC7DD009D7055 /* ApplicationServices.framework */; };
		E45BE97D0E8CC7DD009D7055 /* AudioToolbox.framework in Frameworks */ = {isa = PBXBuildFile; fileRef = E45BE9730E8CC7DD009D7055 /* AudioToolbox.framework */; };
		E45BE97F0E8CC7DD009D7055 /* CoreAudio.framework in Frameworks */ = {isa = PBXBuildFile; fileRef = E45BE9750E8CC7DD009D7055 /* CoreAudio.framework */; };
		E45BE9800E8CC7DD009D7055 /* CoreFoundation.framework in Frameworks */ = {isa = PBXBuildFile; fileRef = E45BE9760E8CC7DD009D7055 /* CoreFoundation.framework */; };
		E45BE9810E8CC7DD009D7055 /* CoreServices.framework in Frameworks */ = {isa = PBXBuildFile; fileRef = E45BE9770E8CC7DD009D7055 /* CoreServices.framework */; };
		E45BE9830E8CC7DD009D7055 /* OpenGL.framework in Frameworks */ = {isa = PBXBuildFile; fileRef = E45BE9790E8CC7DD009D7055 /* OpenGL.framework */; };
		E45BE9840E8CC7DD009D7055 /* QuickTime.framework in Frameworks */ = {isa = PBXBuildFile; fileRef = E45BE97A0E8CC7DD009D7055 /* QuickTime.framework */; };
		E4B69E200A3A1BDC003C02F2 /* main.cpp in Sources */ = {isa = PBXBuildFile; fileRef = E4B69E1D0A3A1BDC003C02F2 /* main.cpp */; };
		E4B69E210A3A1BDC003C02F2 /* ofApp.cpp in Sources */ = {isa = PBXBuildFile; fileRef = E4B69E1E0A3A1BDC003C02F2 /* ofApp.cpp */; };
		E4C2424710CC5A17004149E2 /* AppKit.framework in Frameworks */ = {isa = PBXBuildFile; fileRef = E4C2424410CC5A17004149E2 /* AppKit.framework */; };
		E4C2424810CC5A17004149E2 /* Cocoa.framework in Frameworks */ = {isa = PBXBuildFile; fileRef = E4C2424510CC5A17004149E2 /* Cocoa.framework */; };
		E4C2424910CC5A17004149E2 /* IOKit.framework in Frameworks */ = {isa = PBXBuildFile; fileRef = E4C2424610CC5A17004149E2 /* IOKit.framework */; };
		E4EB6799138ADC1D00A09F29 /* GLUT.framework in Frameworks */ = {isa = PBXBuildFile; fileRef = BBAB23BE13894E4700AA2426 /* GLUT.framework */; };
		E7E077E515D3B63C0020DFD4 /* CoreVideo.framework in Frameworks */ = {isa = PBXBuildFile; fileRef = E7E077E415D3B63C0020DFD4 /* CoreVideo.framework */; };
		E7E077E815D3B6510020DFD4 /* QTKit.framework in Frameworks */ = {isa = PBXBuildFile; fileRef = E7E077E715D3B6510020DFD4 /* QTKit.framework */; };
		E7F985F815E0DEA3003869B5 /* Accelerate.framework in Frameworks */ = {isa = PBXBuildFile; fileRef = E7F985F515E0DE99003869B5 /* Accelerate.framework */; };
/* End PBXBuildFile section */

/* Begin PBXContainerItemProxy section */
		E4328147138ABC890047C5CB /* PBXContainerItemProxy */ = {
			isa = PBXContainerItemProxy;
			containerPortal = E4328143138ABC890047C5CB /* openFrameworksLib.xcodeproj */;
			proxyType = 2;
			remoteGlobalIDString = E4B27C1510CBEB8E00536013;
			remoteInfo = openFrameworks;
		};
		E4EEB9AB138B136A00A80321 /* PBXContainerItemProxy */ = {
			isa = PBXContainerItemProxy;
			containerPortal = E4328143138ABC890047C5CB /* openFrameworksLib.xcodeproj */;
			proxyType = 1;
			remoteGlobalIDString = E4B27C1410CBEB8E00536013;
			remoteInfo = openFrameworks;
		};
/* End PBXContainerItemProxy section */

/* Begin PBXCopyFilesBuildPhase section */
		E4C2427710CC5ABF004149E2 /* CopyFiles */ = {
			isa = PBXCopyFilesBuildPhase;
			buildActionMask = 2147483647;
			dstPath = "";
			dstSubfolderSpec = 10;
			files = (
				BBAB23CB13894F3D00AA2426 /* GLUT.framework in CopyFiles */,
				22D9ADC619E5817700590AA6 /* Syphon.framework in CopyFiles */,
			);
			runOnlyForDeploymentPostprocessing = 0;
		};
/* End PBXCopyFilesBuildPhase section */

/* Begin PBXFileReference section */
		04301D4B19E57B1E00240A80 /* VideoDecodeAcceleration.framework */ = {isa = PBXFileReference; lastKnownFileType = wrapper.framework; name = VideoDecodeAcceleration.framework; path = ../../../../../../../System/Library/Frameworks/VideoDecodeAcceleration.framework; sourceTree = "<group>"; };
		22D9ACEE19E5813800590AA6 /* .gitignore */ = {isa = PBXFileReference; fileEncoding = 4; lastKnownFileType = text; path = .gitignore; sourceTree = "<group>"; };
		22D9AD0A19E5813800590AA6 /* Syphon.framework */ = {isa = PBXFileReference; lastKnownFileType = wrapper.framework; path = Syphon.framework; sourceTree = "<group>"; };
		22D9AD0C19E5813800590AA6 /* SyphonNameboundClient.h */ = {isa = PBXFileReference; fileEncoding = 4; lastKnownFileType = sourcecode.c.h; path = SyphonNameboundClient.h; sourceTree = "<group>"; };
		22D9AD0D19E5813800590AA6 /* SyphonNameboundClient.m */ = {isa = PBXFileReference; fileEncoding = 4; lastKnownFileType = sourcecode.c.objc; path = SyphonNameboundClient.m; sourceTree = "<group>"; };
		22D9AD0E19E5813800590AA6 /* License.txt */ = {isa = PBXFileReference; fileEncoding = 4; lastKnownFileType = text; path = License.txt; sourceTree = "<group>"; };
		22D9AD0F19E5813900590AA6 /* README.md */ = {isa = PBXFileReference; fileEncoding = 4; lastKnownFileType = net.daringfireball.markdown; path = README.md; sourceTree = "<group>"; };
		22D9AD1119E5813900590AA6 /* ofxSyphon.h */ = {isa = PBXFileReference; fileEncoding = 4; lastKnownFileType = sourcecode.c.h; path = ofxSyphon.h; sourceTree = "<group>"; };
		22D9AD1219E5813900590AA6 /* ofxSyphonClient.h */ = {isa = PBXFileReference; fileEncoding = 4; lastKnownFileType = sourcecode.c.h; path = ofxSyphonClient.h; sourceTree = "<group>"; };
		22D9AD1319E5813900590AA6 /* ofxSyphonClient.mm */ = {isa = PBXFileReference; fileEncoding = 4; lastKnownFileType = sourcecode.cpp.objcpp; path = ofxSyphonClient.mm; sourceTree = "<group>"; };
		22D9AD1419E5813900590AA6 /* ofxSyphonServer.h */ = {isa = PBXFileReference; fileEncoding = 4; lastKnownFileType = sourcecode.c.h; path = ofxSyphonServer.h; sourceTree = "<group>"; };
		22D9AD1519E5813900590AA6 /* ofxSyphonServer.mm */ = {isa = PBXFileReference; fileEncoding = 4; lastKnownFileType = sourcecode.cpp.objcpp; path = ofxSyphonServer.mm; sourceTree = "<group>"; };
		22D9AD1619E5813900590AA6 /* ofxSyphonServerDirectory.h */ = {isa = PBXFileReference; fileEncoding = 4; lastKnownFileType = sourcecode.c.h; path = ofxSyphonServerDirectory.h; sourceTree = "<group>"; };
		22D9AD1719E5813900590AA6 /* ofxSyphonServerDirectory.mm */ = {isa = PBXFileReference; fileEncoding = 4; lastKnownFileType = sourcecode.cpp.objcpp; path = ofxSyphonServerDirectory.mm; sourceTree = "<group>"; };
		22D9AD2919E5814000590AA6 /* .gitignore */ = {isa = PBXFileReference; fileEncoding = 4; lastKnownFileType = text; path = .gitignore; sourceTree = "<group>"; };
		22D9AD2A19E5814000590AA6 /* .gitmodules */ = {isa = PBXFileReference; fileEncoding = 4; lastKnownFileType = text; path = .gitmodules; sourceTree = "<group>"; };
		22D9AD2E19E5814000590AA6 /* avcodec.h */ = {isa = PBXFileReference; fileEncoding = 4; lastKnownFileType = sourcecode.c.h; path = avcodec.h; sourceTree = "<group>"; };
		22D9AD2F19E5814000590AA6 /* avfft.h */ = {isa = PBXFileReference; fileEncoding = 4; lastKnownFileType = sourcecode.c.h; path = avfft.h; sourceTree = "<group>"; };
		22D9AD3019E5814000590AA6 /* dxva2.h */ = {isa = PBXFileReference; fileEncoding = 4; lastKnownFileType = sourcecode.c.h; path = dxva2.h; sourceTree = "<group>"; };
		22D9AD3119E5814000590AA6 /* old_codec_ids.h */ = {isa = PBXFileReference; fileEncoding = 4; lastKnownFileType = sourcecode.c.h; path = old_codec_ids.h; sourceTree = "<group>"; };
		22D9AD3219E5814000590AA6 /* vaapi.h */ = {isa = PBXFileReference; fileEncoding = 4; lastKnownFileType = sourcecode.c.h; path = vaapi.h; sourceTree = "<group>"; };
		22D9AD3319E5814000590AA6 /* vda.h */ = {isa = PBXFileReference; fileEncoding = 4; lastKnownFileType = sourcecode.c.h; path = vda.h; sourceTree = "<group>"; };
		22D9AD3419E5814000590AA6 /* vdpau.h */ = {isa = PBXFileReference; fileEncoding = 4; lastKnownFileType = sourcecode.c.h; path = vdpau.h; sourceTree = "<group>"; };
		22D9AD3519E5814000590AA6 /* version.h */ = {isa = PBXFileReference; fileEncoding = 4; lastKnownFileType = sourcecode.c.h; path = version.h; sourceTree = "<group>"; };
		22D9AD3619E5814000590AA6 /* xvmc.h */ = {isa = PBXFileReference; fileEncoding = 4; lastKnownFileType = sourcecode.c.h; path = xvmc.h; sourceTree = "<group>"; };
		22D9AD3819E5814000590AA6 /* avdevice.h */ = {isa = PBXFileReference; fileEncoding = 4; lastKnownFileType = sourcecode.c.h; path = avdevice.h; sourceTree = "<group>"; };
		22D9AD3919E5814000590AA6 /* version.h */ = {isa = PBXFileReference; fileEncoding = 4; lastKnownFileType = sourcecode.c.h; path = version.h; sourceTree = "<group>"; };
		22D9AD3B19E5814000590AA6 /* asrc_abuffer.h */ = {isa = PBXFileReference; fileEncoding = 4; lastKnownFileType = sourcecode.c.h; path = asrc_abuffer.h; sourceTree = "<group>"; };
		22D9AD3C19E5814000590AA6 /* avcodec.h */ = {isa = PBXFileReference; fileEncoding = 4; lastKnownFileType = sourcecode.c.h; path = avcodec.h; sourceTree = "<group>"; };
		22D9AD3D19E5814000590AA6 /* avfilter.h */ = {isa = PBXFileReference; fileEncoding = 4; lastKnownFileType = sourcecode.c.h; path = avfilter.h; sourceTree = "<group>"; };
		22D9AD3E19E5814000590AA6 /* avfiltergraph.h */ = {isa = PBXFileReference; fileEncoding = 4; lastKnownFileType = sourcecode.c.h; path = avfiltergraph.h; sourceTree = "<group>"; };
		22D9AD3F19E5814000590AA6 /* buffersink.h */ = {isa = PBXFileReference; fileEncoding = 4; lastKnownFileType = sourcecode.c.h; path = buffersink.h; sourceTree = "<group>"; };
		22D9AD4019E5814000590AA6 /* buffersrc.h */ = {isa = PBXFileReference; fileEncoding = 4; lastKnownFileType = sourcecode.c.h; path = buffersrc.h; sourceTree = "<group>"; };
		22D9AD4119E5814000590AA6 /* version.h */ = {isa = PBXFileReference; fileEncoding = 4; lastKnownFileType = sourcecode.c.h; path = version.h; sourceTree = "<group>"; };
		22D9AD4319E5814000590AA6 /* avformat.h */ = {isa = PBXFileReference; fileEncoding = 4; lastKnownFileType = sourcecode.c.h; path = avformat.h; sourceTree = "<group>"; };
		22D9AD4419E5814000590AA6 /* avio.h */ = {isa = PBXFileReference; fileEncoding = 4; lastKnownFileType = sourcecode.c.h; path = avio.h; sourceTree = "<group>"; };
		22D9AD4519E5814000590AA6 /* version.h */ = {isa = PBXFileReference; fileEncoding = 4; lastKnownFileType = sourcecode.c.h; path = version.h; sourceTree = "<group>"; };
		22D9AD4719E5814000590AA6 /* adler32.h */ = {isa = PBXFileReference; fileEncoding = 4; lastKnownFileType = sourcecode.c.h; path = adler32.h; sourceTree = "<group>"; };
		22D9AD4819E5814000590AA6 /* aes.h */ = {isa = PBXFileReference; fileEncoding = 4; lastKnownFileType = sourcecode.c.h; path = aes.h; sourceTree = "<group>"; };
		22D9AD4919E5814000590AA6 /* attributes.h */ = {isa = PBXFileReference; fileEncoding = 4; lastKnownFileType = sourcecode.c.h; path = attributes.h; sourceTree = "<group>"; };
		22D9AD4A19E5814000590AA6 /* audio_fifo.h */ = {isa = PBXFileReference; fileEncoding = 4; lastKnownFileType = sourcecode.c.h; path = audio_fifo.h; sourceTree = "<group>"; };
		22D9AD4B19E5814000590AA6 /* audioconvert.h */ = {isa = PBXFileReference; fileEncoding = 4; lastKnownFileType = sourcecode.c.h; path = audioconvert.h; sourceTree = "<group>"; };
		22D9AD4C19E5814000590AA6 /* avassert.h */ = {isa = PBXFileReference; fileEncoding = 4; lastKnownFileType = sourcecode.c.h; path = avassert.h; sourceTree = "<group>"; };
		22D9AD4D19E5814000590AA6 /* avconfig.h */ = {isa = PBXFileReference; fileEncoding = 4; lastKnownFileType = sourcecode.c.h; path = avconfig.h; sourceTree = "<group>"; };
		22D9AD4E19E5814000590AA6 /* avstring.h */ = {isa = PBXFileReference; fileEncoding = 4; lastKnownFileType = sourcecode.c.h; path = avstring.h; sourceTree = "<group>"; };
		22D9AD4F19E5814000590AA6 /* avutil.h */ = {isa = PBXFileReference; fileEncoding = 4; lastKnownFileType = sourcecode.c.h; path = avutil.h; sourceTree = "<group>"; };
		22D9AD5019E5814000590AA6 /* base64.h */ = {isa = PBXFileReference; fileEncoding = 4; lastKnownFileType = sourcecode.c.h; path = base64.h; sourceTree = "<group>"; };
		22D9AD5119E5814000590AA6 /* blowfish.h */ = {isa = PBXFileReference; fileEncoding = 4; lastKnownFileType = sourcecode.c.h; path = blowfish.h; sourceTree = "<group>"; };
		22D9AD5219E5814000590AA6 /* bprint.h */ = {isa = PBXFileReference; fileEncoding = 4; lastKnownFileType = sourcecode.c.h; path = bprint.h; sourceTree = "<group>"; };
		22D9AD5319E5814000590AA6 /* bswap.h */ = {isa = PBXFileReference; fileEncoding = 4; lastKnownFileType = sourcecode.c.h; path = bswap.h; sourceTree = "<group>"; };
		22D9AD5419E5814000590AA6 /* buffer.h */ = {isa = PBXFileReference; fileEncoding = 4; lastKnownFileType = sourcecode.c.h; path = buffer.h; sourceTree = "<group>"; };
		22D9AD5519E5814000590AA6 /* channel_layout.h */ = {isa = PBXFileReference; fileEncoding = 4; lastKnownFileType = sourcecode.c.h; path = channel_layout.h; sourceTree = "<group>"; };
		22D9AD5619E5814000590AA6 /* common.h */ = {isa = PBXFileReference; fileEncoding = 4; lastKnownFileType = sourcecode.c.h; path = common.h; sourceTree = "<group>"; };
		22D9AD5719E5814000590AA6 /* cpu.h */ = {isa = PBXFileReference; fileEncoding = 4; lastKnownFileType = sourcecode.c.h; path = cpu.h; sourceTree = "<group>"; };
		22D9AD5819E5814000590AA6 /* crc.h */ = {isa = PBXFileReference; fileEncoding = 4; lastKnownFileType = sourcecode.c.h; path = crc.h; sourceTree = "<group>"; };
		22D9AD5919E5814000590AA6 /* dict.h */ = {isa = PBXFileReference; fileEncoding = 4; lastKnownFileType = sourcecode.c.h; path = dict.h; sourceTree = "<group>"; };
		22D9AD5A19E5814000590AA6 /* error.h */ = {isa = PBXFileReference; fileEncoding = 4; lastKnownFileType = sourcecode.c.h; path = error.h; sourceTree = "<group>"; };
		22D9AD5B19E5814000590AA6 /* eval.h */ = {isa = PBXFileReference; fileEncoding = 4; lastKnownFileType = sourcecode.c.h; path = eval.h; sourceTree = "<group>"; };
		22D9AD5C19E5814000590AA6 /* fifo.h */ = {isa = PBXFileReference; fileEncoding = 4; lastKnownFileType = sourcecode.c.h; path = fifo.h; sourceTree = "<group>"; };
		22D9AD5D19E5814000590AA6 /* file.h */ = {isa = PBXFileReference; fileEncoding = 4; lastKnownFileType = sourcecode.c.h; path = file.h; sourceTree = "<group>"; };
		22D9AD5E19E5814000590AA6 /* frame.h */ = {isa = PBXFileReference; fileEncoding = 4; lastKnownFileType = sourcecode.c.h; path = frame.h; sourceTree = "<group>"; };
		22D9AD5F19E5814000590AA6 /* hmac.h */ = {isa = PBXFileReference; fileEncoding = 4; lastKnownFileType = sourcecode.c.h; path = hmac.h; sourceTree = "<group>"; };
		22D9AD6019E5814000590AA6 /* imgutils.h */ = {isa = PBXFileReference; fileEncoding = 4; lastKnownFileType = sourcecode.c.h; path = imgutils.h; sourceTree = "<group>"; };
		22D9AD6119E5814000590AA6 /* intfloat.h */ = {isa = PBXFileReference; fileEncoding = 4; lastKnownFileType = sourcecode.c.h; path = intfloat.h; sourceTree = "<group>"; };
		22D9AD6219E5814000590AA6 /* intfloat_readwrite.h */ = {isa = PBXFileReference; fileEncoding = 4; lastKnownFileType = sourcecode.c.h; path = intfloat_readwrite.h; sourceTree = "<group>"; };
		22D9AD6319E5814000590AA6 /* intreadwrite.h */ = {isa = PBXFileReference; fileEncoding = 4; lastKnownFileType = sourcecode.c.h; path = intreadwrite.h; sourceTree = "<group>"; };
		22D9AD6419E5814000590AA6 /* lfg.h */ = {isa = PBXFileReference; fileEncoding = 4; lastKnownFileType = sourcecode.c.h; path = lfg.h; sourceTree = "<group>"; };
		22D9AD6519E5814000590AA6 /* log.h */ = {isa = PBXFileReference; fileEncoding = 4; lastKnownFileType = sourcecode.c.h; path = log.h; sourceTree = "<group>"; };
		22D9AD6619E5814000590AA6 /* lzo.h */ = {isa = PBXFileReference; fileEncoding = 4; lastKnownFileType = sourcecode.c.h; path = lzo.h; sourceTree = "<group>"; };
		22D9AD6719E5814100590AA6 /* mathematics.h */ = {isa = PBXFileReference; fileEncoding = 4; lastKnownFileType = sourcecode.c.h; path = mathematics.h; sourceTree = "<group>"; };
		22D9AD6819E5814100590AA6 /* md5.h */ = {isa = PBXFileReference; fileEncoding = 4; lastKnownFileType = sourcecode.c.h; path = md5.h; sourceTree = "<group>"; };
		22D9AD6919E5814100590AA6 /* mem.h */ = {isa = PBXFileReference; fileEncoding = 4; lastKnownFileType = sourcecode.c.h; path = mem.h; sourceTree = "<group>"; };
		22D9AD6A19E5814100590AA6 /* old_pix_fmts.h */ = {isa = PBXFileReference; fileEncoding = 4; lastKnownFileType = sourcecode.c.h; path = old_pix_fmts.h; sourceTree = "<group>"; };
		22D9AD6B19E5814100590AA6 /* opt.h */ = {isa = PBXFileReference; fileEncoding = 4; lastKnownFileType = sourcecode.c.h; path = opt.h; sourceTree = "<group>"; };
		22D9AD6C19E5814100590AA6 /* parseutils.h */ = {isa = PBXFileReference; fileEncoding = 4; lastKnownFileType = sourcecode.c.h; path = parseutils.h; sourceTree = "<group>"; };
		22D9AD6D19E5814100590AA6 /* pixdesc.h */ = {isa = PBXFileReference; fileEncoding = 4; lastKnownFileType = sourcecode.c.h; path = pixdesc.h; sourceTree = "<group>"; };
		22D9AD6E19E5814100590AA6 /* pixfmt.h */ = {isa = PBXFileReference; fileEncoding = 4; lastKnownFileType = sourcecode.c.h; path = pixfmt.h; sourceTree = "<group>"; };
		22D9AD6F19E5814100590AA6 /* random_seed.h */ = {isa = PBXFileReference; fileEncoding = 4; lastKnownFileType = sourcecode.c.h; path = random_seed.h; sourceTree = "<group>"; };
		22D9AD7019E5814100590AA6 /* rational.h */ = {isa = PBXFileReference; fileEncoding = 4; lastKnownFileType = sourcecode.c.h; path = rational.h; sourceTree = "<group>"; };
		22D9AD7119E5814100590AA6 /* samplefmt.h */ = {isa = PBXFileReference; fileEncoding = 4; lastKnownFileType = sourcecode.c.h; path = samplefmt.h; sourceTree = "<group>"; };
		22D9AD7219E5814100590AA6 /* sha.h */ = {isa = PBXFileReference; fileEncoding = 4; lastKnownFileType = sourcecode.c.h; path = sha.h; sourceTree = "<group>"; };
		22D9AD7319E5814100590AA6 /* time.h */ = {isa = PBXFileReference; fileEncoding = 4; lastKnownFileType = sourcecode.c.h; path = time.h; sourceTree = "<group>"; };
		22D9AD7419E5814100590AA6 /* timecode.h */ = {isa = PBXFileReference; fileEncoding = 4; lastKnownFileType = sourcecode.c.h; path = timecode.h; sourceTree = "<group>"; };
		22D9AD7519E5814100590AA6 /* timestamp.h */ = {isa = PBXFileReference; fileEncoding = 4; lastKnownFileType = sourcecode.c.h; path = timestamp.h; sourceTree = "<group>"; };
		22D9AD7619E5814100590AA6 /* version.h */ = {isa = PBXFileReference; fileEncoding = 4; lastKnownFileType = sourcecode.c.h; path = version.h; sourceTree = "<group>"; };
		22D9AD7719E5814100590AA6 /* xtea.h */ = {isa = PBXFileReference; fileEncoding = 4; lastKnownFileType = sourcecode.c.h; path = xtea.h; sourceTree = "<group>"; };
		22D9AD7919E5814100590AA6 /* postprocess.h */ = {isa = PBXFileReference; fileEncoding = 4; lastKnownFileType = sourcecode.c.h; path = postprocess.h; sourceTree = "<group>"; };
		22D9AD7A19E5814100590AA6 /* version.h */ = {isa = PBXFileReference; fileEncoding = 4; lastKnownFileType = sourcecode.c.h; path = version.h; sourceTree = "<group>"; };
		22D9AD7C19E5814100590AA6 /* swresample.h */ = {isa = PBXFileReference; fileEncoding = 4; lastKnownFileType = sourcecode.c.h; path = swresample.h; sourceTree = "<group>"; };
		22D9AD7D19E5814100590AA6 /* version.h */ = {isa = PBXFileReference; fileEncoding = 4; lastKnownFileType = sourcecode.c.h; path = version.h; sourceTree = "<group>"; };
		22D9AD7F19E5814100590AA6 /* swscale.h */ = {isa = PBXFileReference; fileEncoding = 4; lastKnownFileType = sourcecode.c.h; path = swscale.h; sourceTree = "<group>"; };
		22D9AD8019E5814100590AA6 /* version.h */ = {isa = PBXFileReference; fileEncoding = 4; lastKnownFileType = sourcecode.c.h; path = version.h; sourceTree = "<group>"; };
		22D9AD8119E5814100590AA6 /* x264.h */ = {isa = PBXFileReference; fileEncoding = 4; lastKnownFileType = sourcecode.c.h; path = x264.h; sourceTree = "<group>"; };
		22D9AD8219E5814100590AA6 /* x264_config.h */ = {isa = PBXFileReference; fileEncoding = 4; lastKnownFileType = sourcecode.c.h; path = x264_config.h; sourceTree = "<group>"; };
		22D9AD8519E5814100590AA6 /* libavcodec.a */ = {isa = PBXFileReference; lastKnownFileType = archive.ar; path = libavcodec.a; sourceTree = "<group>"; };
		22D9AD8619E5814100590AA6 /* libavdevice.a */ = {isa = PBXFileReference; lastKnownFileType = archive.ar; path = libavdevice.a; sourceTree = "<group>"; };
		22D9AD8719E5814100590AA6 /* libavfilter.a */ = {isa = PBXFileReference; lastKnownFileType = archive.ar; path = libavfilter.a; sourceTree = "<group>"; };
		22D9AD8819E5814100590AA6 /* libavformat.a */ = {isa = PBXFileReference; lastKnownFileType = archive.ar; path = libavformat.a; sourceTree = "<group>"; };
		22D9AD8919E5814100590AA6 /* libavutil.a */ = {isa = PBXFileReference; lastKnownFileType = archive.ar; path = libavutil.a; sourceTree = "<group>"; };
		22D9AD8A19E5814100590AA6 /* libbz2.a */ = {isa = PBXFileReference; lastKnownFileType = archive.ar; path = libbz2.a; sourceTree = "<group>"; };
		22D9AD8B19E5814100590AA6 /* libiconv.2.dylib */ = {isa = PBXFileReference; lastKnownFileType = "compiled.mach-o.dylib"; path = libiconv.2.dylib; sourceTree = "<group>"; };
		22D9AD8C19E5814100590AA6 /* libpostproc.a */ = {isa = PBXFileReference; lastKnownFileType = archive.ar; path = libpostproc.a; sourceTree = "<group>"; };
		22D9AD8D19E5814100590AA6 /* libswresample.a */ = {isa = PBXFileReference; lastKnownFileType = archive.ar; path = libswresample.a; sourceTree = "<group>"; };
		22D9AD8E19E5814100590AA6 /* libswscale.a */ = {isa = PBXFileReference; lastKnownFileType = archive.ar; path = libswscale.a; sourceTree = "<group>"; };
		22D9AD8F19E5814100590AA6 /* libx264.a */ = {isa = PBXFileReference; lastKnownFileType = archive.ar; path = libx264.a; sourceTree = "<group>"; };
		22D9AD9019E5814100590AA6 /* README.md */ = {isa = PBXFileReference; fileEncoding = 4; lastKnownFileType = net.daringfireball.markdown; path = README.md; sourceTree = "<group>"; };
		22D9ADA819E5814100590AA6 /* ofxStreamer.h */ = {isa = PBXFileReference; fileEncoding = 4; lastKnownFileType = sourcecode.c.h; path = ofxStreamer.h; sourceTree = "<group>"; };
		22D9ADA919E5814100590AA6 /* ofxStreamerReceiver.cpp */ = {isa = PBXFileReference; fileEncoding = 4; lastKnownFileType = sourcecode.cpp.cpp; path = ofxStreamerReceiver.cpp; sourceTree = "<group>"; };
		22D9ADAA19E5814100590AA6 /* ofxStreamerReceiver.h */ = {isa = PBXFileReference; fileEncoding = 4; lastKnownFileType = sourcecode.c.h; path = ofxStreamerReceiver.h; sourceTree = "<group>"; };
		22D9ADAB19E5814100590AA6 /* ofxStreamerSender.cpp */ = {isa = PBXFileReference; fileEncoding = 4; lastKnownFileType = sourcecode.cpp.cpp; path = ofxStreamerSender.cpp; sourceTree = "<group>"; };
		22D9ADAC19E5814100590AA6 /* ofxStreamerSender.h */ = {isa = PBXFileReference; fileEncoding = 4; lastKnownFileType = sourcecode.c.h; path = ofxStreamerSender.h; sourceTree = "<group>"; };
		6474CBF019BCE00B003C94E2 /* AVFoundation.framework */ = {isa = PBXFileReference; lastKnownFileType = wrapper.framework; name = AVFoundation.framework; path = System/Library/Frameworks/AVFoundation.framework; sourceTree = SDKROOT; };
		6474CBF119BCE00B003C94E2 /* CoreMedia.framework */ = {isa = PBXFileReference; lastKnownFileType = wrapper.framework; name = CoreMedia.framework; path = System/Library/Frameworks/CoreMedia.framework; sourceTree = SDKROOT; };
		6474CBF219BCE00B003C94E2 /* QuartzCore.framework */ = {isa = PBXFileReference; lastKnownFileType = wrapper.framework; name = QuartzCore.framework; path = System/Library/Frameworks/QuartzCore.framework; sourceTree = SDKROOT; };
		BBAB23BE13894E4700AA2426 /* GLUT.framework */ = {isa = PBXFileReference; lastKnownFileType = wrapper.framework; name = GLUT.framework; path = ../../../libs/glut/lib/osx/GLUT.framework; sourceTree = "<group>"; };
		E4328143138ABC890047C5CB /* openFrameworksLib.xcodeproj */ = {isa = PBXFileReference; lastKnownFileType = "wrapper.pb-project"; name = openFrameworksLib.xcodeproj; path = ../../../libs/openFrameworksCompiled/project/osx/openFrameworksLib.xcodeproj; sourceTree = SOURCE_ROOT; };
		E45BE9710E8CC7DD009D7055 /* AGL.framework */ = {isa = PBXFileReference; lastKnownFileType = wrapper.framework; name = AGL.framework; path = /System/Library/Frameworks/AGL.framework; sourceTree = "<absolute>"; };
		E45BE9720E8CC7DD009D7055 /* ApplicationServices.framework */ = {isa = PBXFileReference; lastKnownFileType = wrapper.framework; name = ApplicationServices.framework; path = /System/Library/Frameworks/ApplicationServices.framework; sourceTree = "<absolute>"; };
		E45BE9730E8CC7DD009D7055 /* AudioToolbox.framework */ = {isa = PBXFileReference; lastKnownFileType = wrapper.framework; name = AudioToolbox.framework; path = /System/Library/Frameworks/AudioToolbox.framework; sourceTree = "<absolute>"; };
		E45BE9750E8CC7DD009D7055 /* CoreAudio.framework */ = {isa = PBXFileReference; lastKnownFileType = wrapper.framework; name = CoreAudio.framework; path = /System/Library/Frameworks/CoreAudio.framework; sourceTree = "<absolute>"; };
		E45BE9760E8CC7DD009D7055 /* CoreFoundation.framework */ = {isa = PBXFileReference; lastKnownFileType = wrapper.framework; name = CoreFoundation.framework; path = /System/Library/Frameworks/CoreFoundation.framework; sourceTree = "<absolute>"; };
		E45BE9770E8CC7DD009D7055 /* CoreServices.framework */ = {isa = PBXFileReference; lastKnownFileType = wrapper.framework; name = CoreServices.framework; path = /System/Library/Frameworks/CoreServices.framework; sourceTree = "<absolute>"; };
		E45BE9790E8CC7DD009D7055 /* OpenGL.framework */ = {isa = PBXFileReference; lastKnownFileType = wrapper.framework; name = OpenGL.framework; path = /System/Library/Frameworks/OpenGL.framework; sourceTree = "<absolute>"; };
		E45BE97A0E8CC7DD009D7055 /* QuickTime.framework */ = {isa = PBXFileReference; lastKnownFileType = wrapper.framework; name = QuickTime.framework; path = /System/Library/Frameworks/QuickTime.framework; sourceTree = "<absolute>"; };
		E4B69B5B0A3A1756003C02F2 /* PortalenDebug.app */ = {isa = PBXFileReference; explicitFileType = wrapper.application; includeInIndex = 0; path = PortalenDebug.app; sourceTree = BUILT_PRODUCTS_DIR; };
		E4B69E1D0A3A1BDC003C02F2 /* main.cpp */ = {isa = PBXFileReference; fileEncoding = 30; lastKnownFileType = sourcecode.cpp.cpp; name = main.cpp; path = src/main.cpp; sourceTree = SOURCE_ROOT; };
		E4B69E1E0A3A1BDC003C02F2 /* ofApp.cpp */ = {isa = PBXFileReference; explicitFileType = sourcecode.cpp.cpp; fileEncoding = 30; name = ofApp.cpp; path = src/ofApp.cpp; sourceTree = SOURCE_ROOT; };
		E4B69E1F0A3A1BDC003C02F2 /* ofApp.h */ = {isa = PBXFileReference; fileEncoding = 30; lastKnownFileType = sourcecode.c.h; name = ofApp.h; path = src/ofApp.h; sourceTree = SOURCE_ROOT; };
		E4B6FCAD0C3E899E008CF71C /* openFrameworks-Info.plist */ = {isa = PBXFileReference; fileEncoding = 30; lastKnownFileType = text.plist.xml; path = "openFrameworks-Info.plist"; sourceTree = "<group>"; };
		E4C2424410CC5A17004149E2 /* AppKit.framework */ = {isa = PBXFileReference; lastKnownFileType = wrapper.framework; name = AppKit.framework; path = /System/Library/Frameworks/AppKit.framework; sourceTree = "<absolute>"; };
		E4C2424510CC5A17004149E2 /* Cocoa.framework */ = {isa = PBXFileReference; lastKnownFileType = wrapper.framework; name = Cocoa.framework; path = /System/Library/Frameworks/Cocoa.framework; sourceTree = "<absolute>"; };
		E4C2424610CC5A17004149E2 /* IOKit.framework */ = {isa = PBXFileReference; lastKnownFileType = wrapper.framework; name = IOKit.framework; path = /System/Library/Frameworks/IOKit.framework; sourceTree = "<absolute>"; };
		E4EB691F138AFCF100A09F29 /* CoreOF.xcconfig */ = {isa = PBXFileReference; fileEncoding = 4; lastKnownFileType = text.xcconfig; name = CoreOF.xcconfig; path = ../../../libs/openFrameworksCompiled/project/osx/CoreOF.xcconfig; sourceTree = SOURCE_ROOT; };
		E4EB6923138AFD0F00A09F29 /* Project.xcconfig */ = {isa = PBXFileReference; fileEncoding = 4; lastKnownFileType = text.xcconfig; path = Project.xcconfig; sourceTree = "<group>"; };
		E7E077E415D3B63C0020DFD4 /* CoreVideo.framework */ = {isa = PBXFileReference; lastKnownFileType = wrapper.framework; name = CoreVideo.framework; path = /System/Library/Frameworks/CoreVideo.framework; sourceTree = "<absolute>"; };
		E7E077E715D3B6510020DFD4 /* QTKit.framework */ = {isa = PBXFileReference; lastKnownFileType = wrapper.framework; name = QTKit.framework; path = /System/Library/Frameworks/QTKit.framework; sourceTree = "<absolute>"; };
		E7F985F515E0DE99003869B5 /* Accelerate.framework */ = {isa = PBXFileReference; lastKnownFileType = wrapper.framework; name = Accelerate.framework; path = /System/Library/Frameworks/Accelerate.framework; sourceTree = "<absolute>"; };
/* End PBXFileReference section */

/* Begin PBXFrameworksBuildPhase section */
		E4B69B590A3A1756003C02F2 /* Frameworks */ = {
			isa = PBXFrameworksBuildPhase;
			buildActionMask = 2147483647;
			files = (
				22D9ADAF19E5814100590AA6 /* libavfilter.a in Frameworks */,
				6474CBF619BCE019003C94E2 /* AVFoundation.framework in Frameworks */,
				22D9ADAE19E5814100590AA6 /* libavdevice.a in Frameworks */,
				22D9ADB719E5814100590AA6 /* libx264.a in Frameworks */,
				6474CBF719BCE019003C94E2 /* CoreMedia.framework in Frameworks */,
				6474CBF819BCE019003C94E2 /* QuartzCore.framework in Frameworks */,
				E7F985F815E0DEA3003869B5 /* Accelerate.framework in Frameworks */,
				22D9ADB419E5814100590AA6 /* libpostproc.a in Frameworks */,
				22D9AD1C19E5813900590AA6 /* Syphon.framework in Frameworks */,
				22D9ADB219E5814100590AA6 /* libbz2.a in Frameworks */,
				E7E077E815D3B6510020DFD4 /* QTKit.framework in Frameworks */,
				22D9ADB019E5814100590AA6 /* libavformat.a in Frameworks */,
				E4EB6799138ADC1D00A09F29 /* GLUT.framework in Frameworks */,
				22D9ADC519E5817700590AA6 /* Syphon.framework in Frameworks */,
				22D9ADB619E5814100590AA6 /* libswscale.a in Frameworks */,
				22D9ADB119E5814100590AA6 /* libavutil.a in Frameworks */,
				E4328149138ABC9F0047C5CB /* openFrameworksDebug.a in Frameworks */,
				E45BE97B0E8CC7DD009D7055 /* AGL.framework in Frameworks */,
				E45BE97C0E8CC7DD009D7055 /* ApplicationServices.framework in Frameworks */,
				22D9ADB519E5814100590AA6 /* libswresample.a in Frameworks */,
				E45BE97D0E8CC7DD009D7055 /* AudioToolbox.framework in Frameworks */,
				E45BE97F0E8CC7DD009D7055 /* CoreAudio.framework in Frameworks */,
				E45BE9800E8CC7DD009D7055 /* CoreFoundation.framework in Frameworks */,
				E45BE9810E8CC7DD009D7055 /* CoreServices.framework in Frameworks */,
				E45BE9830E8CC7DD009D7055 /* OpenGL.framework in Frameworks */,
				E45BE9840E8CC7DD009D7055 /* QuickTime.framework in Frameworks */,
				E4C2424710CC5A17004149E2 /* AppKit.framework in Frameworks */,
				E4C2424810CC5A17004149E2 /* Cocoa.framework in Frameworks */,
				E4C2424910CC5A17004149E2 /* IOKit.framework in Frameworks */,
				22D9ADB319E5814100590AA6 /* libiconv.2.dylib in Frameworks */,
				22D9ADAD19E5814100590AA6 /* libavcodec.a in Frameworks */,
				E7E077E515D3B63C0020DFD4 /* CoreVideo.framework in Frameworks */,
				04301D4C19E57B1E00240A80 /* VideoDecodeAcceleration.framework in Frameworks */,
			);
			runOnlyForDeploymentPostprocessing = 0;
		};
/* End PBXFrameworksBuildPhase section */

/* Begin PBXGroup section */
		22D9ACED19E5813800590AA6 /* ofxSyphon */ = {
			isa = PBXGroup;
			children = (
				22D9ACEE19E5813800590AA6 /* .gitignore */,
				22D9AD0619E5813800590AA6 /* libs */,
				22D9AD0E19E5813800590AA6 /* License.txt */,
				22D9AD0F19E5813900590AA6 /* README.md */,
				22D9AD1019E5813900590AA6 /* src */,
			);
			name = ofxSyphon;
			path = ../../../addons/ofxSyphon;
			sourceTree = "<group>";
		};
		22D9AD0619E5813800590AA6 /* libs */ = {
			isa = PBXGroup;
			children = (
				22D9AD0719E5813800590AA6 /* Syphon */,
			);
			path = libs;
			sourceTree = "<group>";
		};
		22D9AD0719E5813800590AA6 /* Syphon */ = {
			isa = PBXGroup;
			children = (
				22D9AD0819E5813800590AA6 /* lib */,
				22D9AD0B19E5813800590AA6 /* src */,
			);
			path = Syphon;
			sourceTree = "<group>";
		};
		22D9AD0819E5813800590AA6 /* lib */ = {
			isa = PBXGroup;
			children = (
				22D9AD0919E5813800590AA6 /* osx */,
			);
			path = lib;
			sourceTree = "<group>";
		};
		22D9AD0919E5813800590AA6 /* osx */ = {
			isa = PBXGroup;
			children = (
				22D9AD0A19E5813800590AA6 /* Syphon.framework */,
			);
			path = osx;
			sourceTree = "<group>";
		};
		22D9AD0B19E5813800590AA6 /* src */ = {
			isa = PBXGroup;
			children = (
				22D9AD0C19E5813800590AA6 /* SyphonNameboundClient.h */,
				22D9AD0D19E5813800590AA6 /* SyphonNameboundClient.m */,
			);
			path = src;
			sourceTree = "<group>";
		};
		22D9AD1019E5813900590AA6 /* src */ = {
			isa = PBXGroup;
			children = (
				22D9AD1119E5813900590AA6 /* ofxSyphon.h */,
				22D9AD1219E5813900590AA6 /* ofxSyphonClient.h */,
				22D9AD1319E5813900590AA6 /* ofxSyphonClient.mm */,
				22D9AD1419E5813900590AA6 /* ofxSyphonServer.h */,
				22D9AD1519E5813900590AA6 /* ofxSyphonServer.mm */,
				22D9AD1619E5813900590AA6 /* ofxSyphonServerDirectory.h */,
				22D9AD1719E5813900590AA6 /* ofxSyphonServerDirectory.mm */,
			);
			path = src;
			sourceTree = "<group>";
		};
		22D9AD2819E5814000590AA6 /* ofxStreamer */ = {
			isa = PBXGroup;
			children = (
				22D9AD2919E5814000590AA6 /* .gitignore */,
				22D9AD2A19E5814000590AA6 /* .gitmodules */,
				22D9AD2C19E5814000590AA6 /* include */,
				22D9AD8319E5814100590AA6 /* libs */,
				22D9AD9019E5814100590AA6 /* README.md */,
				22D9ADA719E5814100590AA6 /* src */,
			);
			name = ofxStreamer;
			path = ../../../addons/ofxStreamer;
			sourceTree = "<group>";
		};
		22D9AD2C19E5814000590AA6 /* include */ = {
			isa = PBXGroup;
			children = (
				22D9AD2D19E5814000590AA6 /* libavcodec */,
				22D9AD3719E5814000590AA6 /* libavdevice */,
				22D9AD3A19E5814000590AA6 /* libavfilter */,
				22D9AD4219E5814000590AA6 /* libavformat */,
				22D9AD4619E5814000590AA6 /* libavutil */,
				22D9AD7819E5814100590AA6 /* libpostproc */,
				22D9AD7B19E5814100590AA6 /* libswresample */,
				22D9AD7E19E5814100590AA6 /* libswscale */,
				22D9AD8119E5814100590AA6 /* x264.h */,
				22D9AD8219E5814100590AA6 /* x264_config.h */,
			);
			path = include;
			sourceTree = "<group>";
		};
		22D9AD2D19E5814000590AA6 /* libavcodec */ = {
			isa = PBXGroup;
			children = (
				22D9AD2E19E5814000590AA6 /* avcodec.h */,
				22D9AD2F19E5814000590AA6 /* avfft.h */,
				22D9AD3019E5814000590AA6 /* dxva2.h */,
				22D9AD3119E5814000590AA6 /* old_codec_ids.h */,
				22D9AD3219E5814000590AA6 /* vaapi.h */,
				22D9AD3319E5814000590AA6 /* vda.h */,
				22D9AD3419E5814000590AA6 /* vdpau.h */,
				22D9AD3519E5814000590AA6 /* version.h */,
				22D9AD3619E5814000590AA6 /* xvmc.h */,
			);
			path = libavcodec;
			sourceTree = "<group>";
		};
		22D9AD3719E5814000590AA6 /* libavdevice */ = {
			isa = PBXGroup;
			children = (
				22D9AD3819E5814000590AA6 /* avdevice.h */,
				22D9AD3919E5814000590AA6 /* version.h */,
			);
			path = libavdevice;
			sourceTree = "<group>";
		};
		22D9AD3A19E5814000590AA6 /* libavfilter */ = {
			isa = PBXGroup;
			children = (
				22D9AD3B19E5814000590AA6 /* asrc_abuffer.h */,
				22D9AD3C19E5814000590AA6 /* avcodec.h */,
				22D9AD3D19E5814000590AA6 /* avfilter.h */,
				22D9AD3E19E5814000590AA6 /* avfiltergraph.h */,
				22D9AD3F19E5814000590AA6 /* buffersink.h */,
				22D9AD4019E5814000590AA6 /* buffersrc.h */,
				22D9AD4119E5814000590AA6 /* version.h */,
			);
			path = libavfilter;
			sourceTree = "<group>";
		};
		22D9AD4219E5814000590AA6 /* libavformat */ = {
			isa = PBXGroup;
			children = (
				22D9AD4319E5814000590AA6 /* avformat.h */,
				22D9AD4419E5814000590AA6 /* avio.h */,
				22D9AD4519E5814000590AA6 /* version.h */,
			);
			path = libavformat;
			sourceTree = "<group>";
		};
		22D9AD4619E5814000590AA6 /* libavutil */ = {
			isa = PBXGroup;
			children = (
				22D9AD4719E5814000590AA6 /* adler32.h */,
				22D9AD4819E5814000590AA6 /* aes.h */,
				22D9AD4919E5814000590AA6 /* attributes.h */,
				22D9AD4A19E5814000590AA6 /* audio_fifo.h */,
				22D9AD4B19E5814000590AA6 /* audioconvert.h */,
				22D9AD4C19E5814000590AA6 /* avassert.h */,
				22D9AD4D19E5814000590AA6 /* avconfig.h */,
				22D9AD4E19E5814000590AA6 /* avstring.h */,
				22D9AD4F19E5814000590AA6 /* avutil.h */,
				22D9AD5019E5814000590AA6 /* base64.h */,
				22D9AD5119E5814000590AA6 /* blowfish.h */,
				22D9AD5219E5814000590AA6 /* bprint.h */,
				22D9AD5319E5814000590AA6 /* bswap.h */,
				22D9AD5419E5814000590AA6 /* buffer.h */,
				22D9AD5519E5814000590AA6 /* channel_layout.h */,
				22D9AD5619E5814000590AA6 /* common.h */,
				22D9AD5719E5814000590AA6 /* cpu.h */,
				22D9AD5819E5814000590AA6 /* crc.h */,
				22D9AD5919E5814000590AA6 /* dict.h */,
				22D9AD5A19E5814000590AA6 /* error.h */,
				22D9AD5B19E5814000590AA6 /* eval.h */,
				22D9AD5C19E5814000590AA6 /* fifo.h */,
				22D9AD5D19E5814000590AA6 /* file.h */,
				22D9AD5E19E5814000590AA6 /* frame.h */,
				22D9AD5F19E5814000590AA6 /* hmac.h */,
				22D9AD6019E5814000590AA6 /* imgutils.h */,
				22D9AD6119E5814000590AA6 /* intfloat.h */,
				22D9AD6219E5814000590AA6 /* intfloat_readwrite.h */,
				22D9AD6319E5814000590AA6 /* intreadwrite.h */,
				22D9AD6419E5814000590AA6 /* lfg.h */,
				22D9AD6519E5814000590AA6 /* log.h */,
				22D9AD6619E5814000590AA6 /* lzo.h */,
				22D9AD6719E5814100590AA6 /* mathematics.h */,
				22D9AD6819E5814100590AA6 /* md5.h */,
				22D9AD6919E5814100590AA6 /* mem.h */,
				22D9AD6A19E5814100590AA6 /* old_pix_fmts.h */,
				22D9AD6B19E5814100590AA6 /* opt.h */,
				22D9AD6C19E5814100590AA6 /* parseutils.h */,
				22D9AD6D19E5814100590AA6 /* pixdesc.h */,
				22D9AD6E19E5814100590AA6 /* pixfmt.h */,
				22D9AD6F19E5814100590AA6 /* random_seed.h */,
				22D9AD7019E5814100590AA6 /* rational.h */,
				22D9AD7119E5814100590AA6 /* samplefmt.h */,
				22D9AD7219E5814100590AA6 /* sha.h */,
				22D9AD7319E5814100590AA6 /* time.h */,
				22D9AD7419E5814100590AA6 /* timecode.h */,
				22D9AD7519E5814100590AA6 /* timestamp.h */,
				22D9AD7619E5814100590AA6 /* version.h */,
				22D9AD7719E5814100590AA6 /* xtea.h */,
			);
			path = libavutil;
			sourceTree = "<group>";
		};
		22D9AD7819E5814100590AA6 /* libpostproc */ = {
			isa = PBXGroup;
			children = (
				22D9AD7919E5814100590AA6 /* postprocess.h */,
				22D9AD7A19E5814100590AA6 /* version.h */,
			);
			path = libpostproc;
			sourceTree = "<group>";
		};
		22D9AD7B19E5814100590AA6 /* libswresample */ = {
			isa = PBXGroup;
			children = (
				22D9AD7C19E5814100590AA6 /* swresample.h */,
				22D9AD7D19E5814100590AA6 /* version.h */,
			);
			path = libswresample;
			sourceTree = "<group>";
		};
		22D9AD7E19E5814100590AA6 /* libswscale */ = {
			isa = PBXGroup;
			children = (
				22D9AD7F19E5814100590AA6 /* swscale.h */,
				22D9AD8019E5814100590AA6 /* version.h */,
			);
			path = libswscale;
			sourceTree = "<group>";
		};
		22D9AD8319E5814100590AA6 /* libs */ = {
			isa = PBXGroup;
			children = (
				22D9AD8419E5814100590AA6 /* osx */,
			);
			path = libs;
			sourceTree = "<group>";
		};
		22D9AD8419E5814100590AA6 /* osx */ = {
			isa = PBXGroup;
			children = (
				22D9AD8519E5814100590AA6 /* libavcodec.a */,
				22D9AD8619E5814100590AA6 /* libavdevice.a */,
				22D9AD8719E5814100590AA6 /* libavfilter.a */,
				22D9AD8819E5814100590AA6 /* libavformat.a */,
				22D9AD8919E5814100590AA6 /* libavutil.a */,
				22D9AD8A19E5814100590AA6 /* libbz2.a */,
				22D9AD8B19E5814100590AA6 /* libiconv.2.dylib */,
				22D9AD8C19E5814100590AA6 /* libpostproc.a */,
				22D9AD8D19E5814100590AA6 /* libswresample.a */,
				22D9AD8E19E5814100590AA6 /* libswscale.a */,
				22D9AD8F19E5814100590AA6 /* libx264.a */,
			);
			path = osx;
			sourceTree = "<group>";
		};
		22D9ADA719E5814100590AA6 /* src */ = {
			isa = PBXGroup;
			children = (
				22D9ADA819E5814100590AA6 /* ofxStreamer.h */,
				22D9ADA919E5814100590AA6 /* ofxStreamerReceiver.cpp */,
				22D9ADAA19E5814100590AA6 /* ofxStreamerReceiver.h */,
				22D9ADAB19E5814100590AA6 /* ofxStreamerSender.cpp */,
				22D9ADAC19E5814100590AA6 /* ofxStreamerSender.h */,
			);
			path = src;
			sourceTree = "<group>";
		};
		BB4B014C10F69532006C3DED /* addons */ = {
			isa = PBXGroup;
			children = (
				22D9AD2819E5814000590AA6 /* ofxStreamer */,
				22D9ACED19E5813800590AA6 /* ofxSyphon */,
			);
			name = addons;
			sourceTree = "<group>";
		};
		BBAB23C913894ECA00AA2426 /* system frameworks */ = {
			isa = PBXGroup;
			children = (
				04301D4B19E57B1E00240A80 /* VideoDecodeAcceleration.framework */,
				6474CBF019BCE00B003C94E2 /* AVFoundation.framework */,
				6474CBF119BCE00B003C94E2 /* CoreMedia.framework */,
				6474CBF219BCE00B003C94E2 /* QuartzCore.framework */,
				E7F985F515E0DE99003869B5 /* Accelerate.framework */,
				E4C2424410CC5A17004149E2 /* AppKit.framework */,
				E4C2424510CC5A17004149E2 /* Cocoa.framework */,
				E4C2424610CC5A17004149E2 /* IOKit.framework */,
				E45BE9710E8CC7DD009D7055 /* AGL.framework */,
				E45BE9720E8CC7DD009D7055 /* ApplicationServices.framework */,
				E45BE9730E8CC7DD009D7055 /* AudioToolbox.framework */,
				E45BE9750E8CC7DD009D7055 /* CoreAudio.framework */,
				E45BE9760E8CC7DD009D7055 /* CoreFoundation.framework */,
				E45BE9770E8CC7DD009D7055 /* CoreServices.framework */,
				E45BE9790E8CC7DD009D7055 /* OpenGL.framework */,
				E45BE97A0E8CC7DD009D7055 /* QuickTime.framework */,
				E7E077E415D3B63C0020DFD4 /* CoreVideo.framework */,
				E7E077E715D3B6510020DFD4 /* QTKit.framework */,
			);
			name = "system frameworks";
			sourceTree = "<group>";
		};
		BBAB23CA13894EDB00AA2426 /* 3rd party frameworks */ = {
			isa = PBXGroup;
			children = (
				BBAB23BE13894E4700AA2426 /* GLUT.framework */,
			);
			name = "3rd party frameworks";
			sourceTree = "<group>";
		};
		E4328144138ABC890047C5CB /* Products */ = {
			isa = PBXGroup;
			children = (
				E4328148138ABC890047C5CB /* openFrameworksDebug.a */,
			);
			name = Products;
			sourceTree = "<group>";
		};
		E45BE5980E8CC70C009D7055 /* frameworks */ = {
			isa = PBXGroup;
			children = (
				BBAB23CA13894EDB00AA2426 /* 3rd party frameworks */,
				BBAB23C913894ECA00AA2426 /* system frameworks */,
			);
			name = frameworks;
			sourceTree = "<group>";
		};
		E4B69B4A0A3A1720003C02F2 = {
			isa = PBXGroup;
			children = (
				E4B6FCAD0C3E899E008CF71C /* openFrameworks-Info.plist */,
				E4EB6923138AFD0F00A09F29 /* Project.xcconfig */,
				E4B69E1C0A3A1BDC003C02F2 /* src */,
				E4EEC9E9138DF44700A80321 /* openFrameworks */,
				BB4B014C10F69532006C3DED /* addons */,
				E45BE5980E8CC70C009D7055 /* frameworks */,
				E4B69B5B0A3A1756003C02F2 /* PortalenDebug.app */,
			);
			sourceTree = "<group>";
		};
		E4B69E1C0A3A1BDC003C02F2 /* src */ = {
			isa = PBXGroup;
			children = (
				E4B69E1D0A3A1BDC003C02F2 /* main.cpp */,
				E4B69E1E0A3A1BDC003C02F2 /* ofApp.cpp */,
				E4B69E1F0A3A1BDC003C02F2 /* ofApp.h */,
			);
			path = src;
			sourceTree = SOURCE_ROOT;
		};
		E4EEC9E9138DF44700A80321 /* openFrameworks */ = {
			isa = PBXGroup;
			children = (
				E4EB691F138AFCF100A09F29 /* CoreOF.xcconfig */,
				E4328143138ABC890047C5CB /* openFrameworksLib.xcodeproj */,
			);
			name = openFrameworks;
			sourceTree = "<group>";
		};
/* End PBXGroup section */

/* Begin PBXNativeTarget section */
		E4B69B5A0A3A1756003C02F2 /* Portalen */ = {
			isa = PBXNativeTarget;
			buildConfigurationList = E4B69B5F0A3A1757003C02F2 /* Build configuration list for PBXNativeTarget "Portalen" */;
			buildPhases = (
				E4B69B580A3A1756003C02F2 /* Sources */,
				E4B69B590A3A1756003C02F2 /* Frameworks */,
				E4B6FFFD0C3F9AB9008CF71C /* ShellScript */,
				E4C2427710CC5ABF004149E2 /* CopyFiles */,
			);
			buildRules = (
			);
			dependencies = (
				E4EEB9AC138B136A00A80321 /* PBXTargetDependency */,
			);
			name = Portalen;
			productName = myOFApp;
			productReference = E4B69B5B0A3A1756003C02F2 /* PortalenDebug.app */;
			productType = "com.apple.product-type.application";
		};
/* End PBXNativeTarget section */

/* Begin PBXProject section */
		E4B69B4C0A3A1720003C02F2 /* Project object */ = {
			isa = PBXProject;
			attributes = {
				LastUpgradeCheck = 0460;
			};
			buildConfigurationList = E4B69B4D0A3A1720003C02F2 /* Build configuration list for PBXProject "Portalen" */;
			compatibilityVersion = "Xcode 3.2";
			developmentRegion = English;
			hasScannedForEncodings = 0;
			knownRegions = (
				English,
				Japanese,
				French,
				German,
			);
			mainGroup = E4B69B4A0A3A1720003C02F2;
			productRefGroup = E4B69B4A0A3A1720003C02F2;
			projectDirPath = "";
			projectReferences = (
				{
					ProductGroup = E4328144138ABC890047C5CB /* Products */;
					ProjectRef = E4328143138ABC890047C5CB /* openFrameworksLib.xcodeproj */;
				},
			);
			projectRoot = "";
			targets = (
				E4B69B5A0A3A1756003C02F2 /* Portalen */,
			);
		};
/* End PBXProject section */

/* Begin PBXReferenceProxy section */
		E4328148138ABC890047C5CB /* openFrameworksDebug.a */ = {
			isa = PBXReferenceProxy;
			fileType = archive.ar;
			path = openFrameworksDebug.a;
			remoteRef = E4328147138ABC890047C5CB /* PBXContainerItemProxy */;
			sourceTree = BUILT_PRODUCTS_DIR;
		};
/* End PBXReferenceProxy section */

/* Begin PBXShellScriptBuildPhase section */
		E4B6FFFD0C3F9AB9008CF71C /* ShellScript */ = {
			isa = PBXShellScriptBuildPhase;
			buildActionMask = 2147483647;
			files = (
			);
			inputPaths = (
			);
			outputPaths = (
			);
			runOnlyForDeploymentPostprocessing = 0;
			shellPath = /bin/sh;
			shellScript = "cp -f ../../../libs/fmodex/lib/osx/libfmodex.dylib \"$TARGET_BUILD_DIR/$PRODUCT_NAME.app/Contents/MacOS/libfmodex.dylib\"; install_name_tool -change ./libfmodex.dylib @executable_path/libfmodex.dylib \"$TARGET_BUILD_DIR/$PRODUCT_NAME.app/Contents/MacOS/$PRODUCT_NAME\";\nmkdir -p \"$TARGET_BUILD_DIR/$PRODUCT_NAME.app/Contents/Resources/\"\ncp -f \"$ICON_FILE\" \"$TARGET_BUILD_DIR/$PRODUCT_NAME.app/Contents/Resources/\"\n";
		};
/* End PBXShellScriptBuildPhase section */

/* Begin PBXSourcesBuildPhase section */
		E4B69B580A3A1756003C02F2 /* Sources */ = {
			isa = PBXSourcesBuildPhase;
			buildActionMask = 2147483647;
			files = (
				E4B69E200A3A1BDC003C02F2 /* main.cpp in Sources */,
				22D9AD1F19E5813900590AA6 /* ofxSyphonClient.mm in Sources */,
				22D9ADBE19E5814100590AA6 /* ofxStreamerSender.cpp in Sources */,
				E4B69E210A3A1BDC003C02F2 /* ofApp.cpp in Sources */,
				22D9AD1D19E5813900590AA6 /* SyphonNameboundClient.m in Sources */,
				22D9ADB819E5814100590AA6 /* README.md in Sources */,
				22D9ADBD19E5814100590AA6 /* ofxStreamerReceiver.cpp in Sources */,
				22D9AD1E19E5813900590AA6 /* README.md in Sources */,
				22D9AD2019E5813900590AA6 /* ofxSyphonServer.mm in Sources */,
				22D9AD2119E5813900590AA6 /* ofxSyphonServerDirectory.mm in Sources */,
			);
			runOnlyForDeploymentPostprocessing = 0;
		};
/* End PBXSourcesBuildPhase section */

/* Begin PBXTargetDependency section */
		E4EEB9AC138B136A00A80321 /* PBXTargetDependency */ = {
			isa = PBXTargetDependency;
			name = openFrameworks;
			targetProxy = E4EEB9AB138B136A00A80321 /* PBXContainerItemProxy */;
		};
/* End PBXTargetDependency section */

/* Begin XCBuildConfiguration section */
		E4B69B4E0A3A1720003C02F2 /* Debug */ = {
			isa = XCBuildConfiguration;
			baseConfigurationReference = E4EB6923138AFD0F00A09F29 /* Project.xcconfig */;
			buildSettings = {
				ARCHS = "$(ARCHS_STANDARD_32_BIT)";
				CONFIGURATION_BUILD_DIR = "$(SRCROOT)/bin/";
				COPY_PHASE_STRIP = NO;
				DEAD_CODE_STRIPPING = YES;
				GCC_AUTO_VECTORIZATION = YES;
				GCC_ENABLE_SSE3_EXTENSIONS = YES;
				GCC_ENABLE_SUPPLEMENTAL_SSE3_INSTRUCTIONS = YES;
				GCC_INLINES_ARE_PRIVATE_EXTERN = NO;
				GCC_OPTIMIZATION_LEVEL = 0;
				GCC_SYMBOLS_PRIVATE_EXTERN = NO;
				GCC_WARN_ABOUT_DEPRECATED_FUNCTIONS = YES;
				GCC_WARN_ABOUT_INVALID_OFFSETOF_MACRO = NO;
				GCC_WARN_ALLOW_INCOMPLETE_PROTOCOL = NO;
				GCC_WARN_UNINITIALIZED_AUTOS = NO;
				GCC_WARN_UNUSED_VALUE = NO;
				GCC_WARN_UNUSED_VARIABLE = NO;
				MACOSX_DEPLOYMENT_TARGET = 10.6;
				OTHER_CPLUSPLUSFLAGS = (
					"-D__MACOSX_CORE__",
					"-lpthread",
					"-mtune=native",
				);
				SDKROOT = macosx;
			};
			name = Debug;
		};
		E4B69B4F0A3A1720003C02F2 /* Release */ = {
			isa = XCBuildConfiguration;
			baseConfigurationReference = E4EB6923138AFD0F00A09F29 /* Project.xcconfig */;
			buildSettings = {
				ARCHS = "$(ARCHS_STANDARD_32_BIT)";
				CONFIGURATION_BUILD_DIR = "$(SRCROOT)/bin/";
				COPY_PHASE_STRIP = YES;
				DEAD_CODE_STRIPPING = YES;
				GCC_AUTO_VECTORIZATION = YES;
				GCC_ENABLE_SSE3_EXTENSIONS = YES;
				GCC_ENABLE_SUPPLEMENTAL_SSE3_INSTRUCTIONS = YES;
				GCC_INLINES_ARE_PRIVATE_EXTERN = NO;
				GCC_OPTIMIZATION_LEVEL = 3;
				GCC_SYMBOLS_PRIVATE_EXTERN = NO;
				GCC_UNROLL_LOOPS = YES;
				GCC_WARN_ABOUT_DEPRECATED_FUNCTIONS = YES;
				GCC_WARN_ABOUT_INVALID_OFFSETOF_MACRO = NO;
				GCC_WARN_ALLOW_INCOMPLETE_PROTOCOL = NO;
				GCC_WARN_UNINITIALIZED_AUTOS = NO;
				GCC_WARN_UNUSED_VALUE = NO;
				GCC_WARN_UNUSED_VARIABLE = NO;
				MACOSX_DEPLOYMENT_TARGET = 10.6;
				OTHER_CPLUSPLUSFLAGS = (
					"-D__MACOSX_CORE__",
					"-lpthread",
					"-mtune=native",
				);
				SDKROOT = macosx;
			};
			name = Release;
		};
		E4B69B600A3A1757003C02F2 /* Debug */ = {
			isa = XCBuildConfiguration;
			buildSettings = {
				ARCHS = "$(ARCHS_STANDARD_32_BIT)";
				COMBINE_HIDPI_IMAGES = YES;
				COPY_PHASE_STRIP = NO;
				FRAMEWORK_SEARCH_PATHS = (
					"$(inherited)",
					"$(FRAMEWORK_SEARCH_PATHS_QUOTED_FOR_TARGET_1)",
					/Users/johan/Development/openFrameworks/addons/ofxSyphon/libs/Syphon/lib/osx,
					/Users/tim/Downloads/of_v0.8.4_osx_release/addons/ofxSyphon/libs/Syphon/lib/osx,
				);
				FRAMEWORK_SEARCH_PATHS_QUOTED_FOR_TARGET_1 = "\"$(SRCROOT)/../../../libs/glut/lib/osx\"";
				GCC_DYNAMIC_NO_PIC = NO;
				GCC_GENERATE_DEBUGGING_SYMBOLS = YES;
				GCC_MODEL_TUNING = NONE;
				HEADER_SEARCH_PATHS = (
					"$(OF_CORE_HEADERS)",
					/usr/local/include,
				);
				ICON = "$(ICON_NAME_DEBUG)";
				ICON_FILE = "$(ICON_FILE_PATH)$(ICON)";
				INFOPLIST_FILE = "openFrameworks-Info.plist";
				INSTALL_PATH = "$(HOME)/Applications";
				LD_RUNPATH_SEARCH_PATHS = "$(inherited) @executable_path/../Frameworks";
				LIBRARY_SEARCH_PATHS = (
					"$(inherited)",
					"\"$(SRCROOT)/../../../addons/ofxStreamer/libs/osx/ /Users/johan/Development/openFrameworks/addons/ofxStreamer/libs/osx /Users/tim/Downloads/of_v0.8.4_osx_release/addons/ofxStreamer/libs/osx",
				);
				MACOSX_DEPLOYMENT_TARGET = 10.9;
				OTHER_LDFLAGS = (
					"$(OF_CORE_LIBS)",
					"\"$(SRCROOT)/../../../addons/ofxStreamer/libs/osx/libx264.a\"",
					"\"$(SRCROOT)/../../../addons/ofxStreamer/libs/osx/libswscale.a\"",
					"\"$(SRCROOT)/../../../addons/ofxStreamer/libs/osx/libswresample.a\"",
				);
				PRODUCT_NAME = "$(TARGET_NAME)Debug";
				USER_HEADER_SEARCH_PATHS = "";
				WRAPPER_EXTENSION = app;
			};
			name = Debug;
		};
		E4B69B610A3A1757003C02F2 /* Release */ = {
			isa = XCBuildConfiguration;
			buildSettings = {
				ARCHS = "$(ARCHS_STANDARD_32_BIT)";
				COMBINE_HIDPI_IMAGES = YES;
				COPY_PHASE_STRIP = YES;
				FRAMEWORK_SEARCH_PATHS = (
					"$(inherited)",
					"$(FRAMEWORK_SEARCH_PATHS_QUOTED_FOR_TARGET_1)",
					/Users/johan/Development/openFrameworks/addons/ofxSyphon/libs/Syphon/lib/osx,
					/Users/tim/Downloads/of_v0.8.4_osx_release/addons/ofxSyphon/libs/Syphon/lib/osx,
				);
				FRAMEWORK_SEARCH_PATHS_QUOTED_FOR_TARGET_1 = "\"$(SRCROOT)/../../../libs/glut/lib/osx\"";
				GCC_GENERATE_DEBUGGING_SYMBOLS = YES;
				GCC_MODEL_TUNING = NONE;
				HEADER_SEARCH_PATHS = (
					"$(OF_CORE_HEADERS)",
					/usr/local/include,
				);
				ICON = "$(ICON_NAME_RELEASE)";
				ICON_FILE = "$(ICON_FILE_PATH)$(ICON)";
				INFOPLIST_FILE = "openFrameworks-Info.plist";
				INSTALL_PATH = "$(HOME)/Applications";
				LD_RUNPATH_SEARCH_PATHS = "$(inherited) @executable_path/../Frameworks";
				LIBRARY_SEARCH_PATHS = (
					"$(inherited)",
					"\"$(SRCROOT)/../../../addons/ofxStreamer/libs/osx/ /Users/johan/Development/openFrameworks/addons/ofxStreamer/libs/osx /Users/tim/Downloads/of_v0.8.4_osx_release/addons/ofxStreamer/libs/osx",
				);
				MACOSX_DEPLOYMENT_TARGET = 10.9;
				OTHER_LDFLAGS = (
					"$(OF_CORE_LIBS)",
					"\"$(SRCROOT)/../../../addons/ofxStreamer/libs/osx/libx264.a\"",
					"\"$(SRCROOT)/../../../addons/ofxStreamer/libs/osx/libswscale.a\"",
					"\"$(SRCROOT)/../../../addons/ofxStreamer/libs/osx/libswresample.a\"",
				);
				PRODUCT_NAME = "$(TARGET_NAME)";
				USER_HEADER_SEARCH_PATHS = "";
				WRAPPER_EXTENSION = app;
			};
			name = Release;
		};
/* End XCBuildConfiguration section */

/* Begin XCConfigurationList section */
		E4B69B4D0A3A1720003C02F2 /* Build configuration list for PBXProject "Portalen" */ = {
			isa = XCConfigurationList;
			buildConfigurations = (
				E4B69B4E0A3A1720003C02F2 /* Debug */,
				E4B69B4F0A3A1720003C02F2 /* Release */,
			);
			defaultConfigurationIsVisible = 0;
			defaultConfigurationName = Release;
		};
		E4B69B5F0A3A1757003C02F2 /* Build configuration list for PBXNativeTarget "Portalen" */ = {
			isa = XCConfigurationList;
			buildConfigurations = (
				E4B69B600A3A1757003C02F2 /* Debug */,
				E4B69B610A3A1757003C02F2 /* Release */,
			);
			defaultConfigurationIsVisible = 0;
			defaultConfigurationName = Release;
		};
/* End XCConfigurationList section */
	};
	rootObject = E4B69B4C0A3A1720003C02F2 /* Project object */;
}
